
Microsoft Visual Studio Solution File, Format Version 12.00
# Visual Studio 15
VisualStudioVersion = 15.0.26206.0
MinimumVisualStudioVersion = 10.0.40219.1
Project("{FAE04EC0-301F-11D3-BF4B-00C04F79EFBC}") = "Ultrapowa Clash of Clans Proxy", "Ultrapowa Clash Proxy\Ultrapowa Clash of Clans Proxy.csproj", "{012F96AC-A584-408D-A0C8-E246B8FC55CF}"
EndProject
Global
	GlobalSection(SolutionConfigurationPlatforms) = preSolution
		Debug|Any CPU = Debug|Any CPU
		Debug|x64 = Debug|x64
		Release|Any CPU = Release|Any CPU
		Release|x64 = Release|x64
	EndGlobalSection
	GlobalSection(ProjectConfigurationPlatforms) = postSolution
		{012F96AC-A584-408D-A0C8-E246B8FC55CF}.Debug|Any CPU.ActiveCfg = Debug|Any CPU
		{012F96AC-A584-408D-A0C8-E246B8FC55CF}.Debug|Any CPU.Build.0 = Debug|Any CPU
		{012F96AC-A584-408D-A0C8-E246B8FC55CF}.Debug|x64.ActiveCfg = Debug|Any CPU
		{012F96AC-A584-408D-A0C8-E246B8FC55CF}.Debug|x64.Build.0 = Debug|Any CPU
		{012F96AC-A584-408D-A0C8-E246B8FC55CF}.Release|Any CPU.ActiveCfg = Release|Any CPU
		{012F96AC-A584-408D-A0C8-E246B8FC55CF}.Release|Any CPU.Build.0 = Release|Any CPU
		{012F96AC-A584-408D-A0C8-E246B8FC55CF}.Release|x64.ActiveCfg = Release|Any CPU
		{012F96AC-A584-408D-A0C8-E246B8FC55CF}.Release|x64.Build.0 = Release|Any CPU
	EndGlobalSection
	GlobalSection(SolutionProperties) = preSolution
		HideSolutionNode = FALSE
	EndGlobalSection
EndGlobal
